
Microsoft Visual Studio Solution File, Format Version 12.00
# Visual Studio 15
VisualStudioVersion = 15.0.26124.0
MinimumVisualStudioVersion = 15.0.26124.0
Project("{9A19103F-16F7-4668-BE54-9A1E7A4F7556}") = "OutLoud.QuizService", "src\OutLoud.QuizService.csproj", "{7A14C0A4-C45D-4EEE-B95A-184AB8EFF11F}"
EndProject
Project("{9A19103F-16F7-4668-BE54-9A1E7A4F7556}") = "OutLoud.QuizService.Tests", "tests\OutLoud.QuizService.Tests.csproj", "{35F5DE92-510E-471C-A1E0-A52F312D6FB2}"
EndProject
Project("{9A19103F-16F7-4668-BE54-9A1E7A4F7556}") = "Outloud.Common", "..\Outloud.Common\src\Outloud.Common.csproj", "{5B9CC412-E9BF-421C-B03A-1440137444C8}"
EndProject
Project("{9A19103F-16F7-4668-BE54-9A1E7A4F7556}") = "Outloud.Common.Tests", "..\Outloud.Common\tests\Outloud.Common.Tests.csproj", "{2E819975-A225-4023-911E-CC8B2D6AA579}"
EndProject
Global
	GlobalSection(SolutionConfigurationPlatforms) = preSolution
		Debug|Any CPU = Debug|Any CPU
		Debug|x64 = Debug|x64
		Debug|x86 = Debug|x86
		Release|Any CPU = Release|Any CPU
		Release|x64 = Release|x64
		Release|x86 = Release|x86
	EndGlobalSection
	GlobalSection(ProjectConfigurationPlatforms) = postSolution
		{7A14C0A4-C45D-4EEE-B95A-184AB8EFF11F}.Debug|Any CPU.ActiveCfg = Debug|Any CPU
		{7A14C0A4-C45D-4EEE-B95A-184AB8EFF11F}.Debug|Any CPU.Build.0 = Debug|Any CPU
		{7A14C0A4-C45D-4EEE-B95A-184AB8EFF11F}.Debug|x64.ActiveCfg = Debug|Any CPU
		{7A14C0A4-C45D-4EEE-B95A-184AB8EFF11F}.Debug|x64.Build.0 = Debug|Any CPU
		{7A14C0A4-C45D-4EEE-B95A-184AB8EFF11F}.Debug|x86.ActiveCfg = Debug|Any CPU
		{7A14C0A4-C45D-4EEE-B95A-184AB8EFF11F}.Debug|x86.Build.0 = Debug|Any CPU
		{7A14C0A4-C45D-4EEE-B95A-184AB8EFF11F}.Release|Any CPU.ActiveCfg = Release|Any CPU
		{7A14C0A4-C45D-4EEE-B95A-184AB8EFF11F}.Release|Any CPU.Build.0 = Release|Any CPU
		{7A14C0A4-C45D-4EEE-B95A-184AB8EFF11F}.Release|x64.ActiveCfg = Release|Any CPU
		{7A14C0A4-C45D-4EEE-B95A-184AB8EFF11F}.Release|x64.Build.0 = Release|Any CPU
		{7A14C0A4-C45D-4EEE-B95A-184AB8EFF11F}.Release|x86.ActiveCfg = Release|Any CPU
		{7A14C0A4-C45D-4EEE-B95A-184AB8EFF11F}.Release|x86.Build.0 = Release|Any CPU
		{35F5DE92-510E-471C-A1E0-A52F312D6FB2}.Debug|Any CPU.ActiveCfg = Debug|Any CPU
		{35F5DE92-510E-471C-A1E0-A52F312D6FB2}.Debug|Any CPU.Build.0 = Debug|Any CPU
		{35F5DE92-510E-471C-A1E0-A52F312D6FB2}.Debug|x64.ActiveCfg = Debug|Any CPU
		{35F5DE92-510E-471C-A1E0-A52F312D6FB2}.Debug|x64.Build.0 = Debug|Any CPU
		{35F5DE92-510E-471C-A1E0-A52F312D6FB2}.Debug|x86.ActiveCfg = Debug|Any CPU
		{35F5DE92-510E-471C-A1E0-A52F312D6FB2}.Debug|x86.Build.0 = Debug|Any CPU
		{35F5DE92-510E-471C-A1E0-A52F312D6FB2}.Release|Any CPU.ActiveCfg = Release|Any CPU
		{35F5DE92-510E-471C-A1E0-A52F312D6FB2}.Release|Any CPU.Build.0 = Release|Any CPU
		{35F5DE92-510E-471C-A1E0-A52F312D6FB2}.Release|x64.ActiveCfg = Release|Any CPU
		{35F5DE92-510E-471C-A1E0-A52F312D6FB2}.Release|x64.Build.0 = Release|Any CPU
		{35F5DE92-510E-471C-A1E0-A52F312D6FB2}.Release|x86.ActiveCfg = Release|Any CPU
		{35F5DE92-510E-471C-A1E0-A52F312D6FB2}.Release|x86.Build.0 = Release|Any CPU
		{5B9CC412-E9BF-421C-B03A-1440137444C8}.Debug|Any CPU.ActiveCfg = Debug|Any CPU
		{5B9CC412-E9BF-421C-B03A-1440137444C8}.Debug|Any CPU.Build.0 = Debug|Any CPU
		{5B9CC412-E9BF-421C-B03A-1440137444C8}.Debug|x64.ActiveCfg = Debug|Any CPU
		{5B9CC412-E9BF-421C-B03A-1440137444C8}.Debug|x64.Build.0 = Debug|Any CPU
		{5B9CC412-E9BF-421C-B03A-1440137444C8}.Debug|x86.ActiveCfg = Debug|Any CPU
		{5B9CC412-E9BF-421C-B03A-1440137444C8}.Debug|x86.Build.0 = Debug|Any CPU
		{5B9CC412-E9BF-421C-B03A-1440137444C8}.Release|Any CPU.ActiveCfg = Release|Any CPU
		{5B9CC412-E9BF-421C-B03A-1440137444C8}.Release|Any CPU.Build.0 = Release|Any CPU
		{5B9CC412-E9BF-421C-B03A-1440137444C8}.Release|x64.ActiveCfg = Release|Any CPU
		{5B9CC412-E9BF-421C-B03A-1440137444C8}.Release|x64.Build.0 = Release|Any CPU
		{5B9CC412-E9BF-421C-B03A-1440137444C8}.Release|x86.ActiveCfg = Release|Any CPU
		{5B9CC412-E9BF-421C-B03A-1440137444C8}.Release|x86.Build.0 = Release|Any CPU
		{2E819975-A225-4023-911E-CC8B2D6AA579}.Debug|Any CPU.ActiveCfg = Debug|Any CPU
		{2E819975-A225-4023-911E-CC8B2D6AA579}.Debug|Any CPU.Build.0 = Debug|Any CPU
		{2E819975-A225-4023-911E-CC8B2D6AA579}.Debug|x64.ActiveCfg = Debug|Any CPU
		{2E819975-A225-4023-911E-CC8B2D6AA579}.Debug|x64.Build.0 = Debug|Any CPU
		{2E819975-A225-4023-911E-CC8B2D6AA579}.Debug|x86.ActiveCfg = Debug|Any CPU
		{2E819975-A225-4023-911E-CC8B2D6AA579}.Debug|x86.Build.0 = Debug|Any CPU
		{2E819975-A225-4023-911E-CC8B2D6AA579}.Release|Any CPU.ActiveCfg = Release|Any CPU
		{2E819975-A225-4023-911E-CC8B2D6AA579}.Release|Any CPU.Build.0 = Release|Any CPU
		{2E819975-A225-4023-911E-CC8B2D6AA579}.Release|x64.ActiveCfg = Release|Any CPU
		{2E819975-A225-4023-911E-CC8B2D6AA579}.Release|x64.Build.0 = Release|Any CPU
		{2E819975-A225-4023-911E-CC8B2D6AA579}.Release|x86.ActiveCfg = Release|Any CPU
		{2E819975-A225-4023-911E-CC8B2D6AA579}.Release|x86.Build.0 = Release|Any CPU
	EndGlobalSection
	GlobalSection(SolutionProperties) = preSolution
		HideSolutionNode = FALSE
	EndGlobalSection
	GlobalSection(ExtensibilityGlobals) = postSolution
		SolutionGuid = {0213DF64-8D18-4B66-B7EB-10ABCF49F56A}
	EndGlobalSection
EndGlobal
